// !$*UTF8*$!
{
	archiveVersion = 1;
	classes = {
	};
	objectVersion = 46;
	objects = {

/* Begin PBXBuildFile section */
		831061771BF0C5C500B4DCEB /* AppDelegate.swift in Sources */ = {isa = PBXBuildFile; fileRef = 831061761BF0C5C500B4DCEB /* AppDelegate.swift */; };
		831061791BF0C5C500B4DCEB /* ViewController.swift in Sources */ = {isa = PBXBuildFile; fileRef = 831061781BF0C5C500B4DCEB /* ViewController.swift */; };
		8310617C1BF0C5C500B4DCEB /* Main.storyboard in Resources */ = {isa = PBXBuildFile; fileRef = 8310617A1BF0C5C500B4DCEB /* Main.storyboard */; };
		8310617E1BF0C5C500B4DCEB /* Assets.xcassets in Resources */ = {isa = PBXBuildFile; fileRef = 8310617D1BF0C5C500B4DCEB /* Assets.xcassets */; };
		831061811BF0C5C500B4DCEB /* LaunchScreen.storyboard in Resources */ = {isa = PBXBuildFile; fileRef = 8310617F1BF0C5C500B4DCEB /* LaunchScreen.storyboard */; };
		831061891BF0C5F700B4DCEB /* ITRAuthorisedViewController.swift in Sources */ = {isa = PBXBuildFile; fileRef = 831061881BF0C5F700B4DCEB /* ITRAuthorisedViewController.swift */; };
		8310618B1BF0C74000B4DCEB /* LocalAuthentication.framework in Frameworks */ = {isa = PBXBuildFile; fileRef = 8310618A1BF0C74000B4DCEB /* LocalAuthentication.framework */; };
/* End PBXBuildFile section */

/* Begin PBXFileReference section */
		831061731BF0C5C500B4DCEB /* ITRTouchAuth_Swift.app */ = {isa = PBXFileReference; explicitFileType = wrapper.application; includeInIndex = 0; path = ITRTouchAuth_Swift.app; sourceTree = BUILT_PRODUCTS_DIR; };
		831061761BF0C5C500B4DCEB /* AppDelegate.swift */ = {isa = PBXFileReference; lastKnownFileType = sourcecode.swift; path = AppDelegate.swift; sourceTree = "<group>"; };
		831061781BF0C5C500B4DCEB /* ViewController.swift */ = {isa = PBXFileReference; lastKnownFileType = sourcecode.swift; path = ViewController.swift; sourceTree = "<group>"; };
		8310617B1BF0C5C500B4DCEB /* Base */ = {isa = PBXFileReference; lastKnownFileType = file.storyboard; name = Base; path = Base.lproj/Main.storyboard; sourceTree = "<group>"; };
		8310617D1BF0C5C500B4DCEB /* Assets.xcassets */ = {isa = PBXFileReference; lastKnownFileType = folder.assetcatalog; path = Assets.xcassets; sourceTree = "<group>"; };
		831061801BF0C5C500B4DCEB /* Base */ = {isa = PBXFileReference; lastKnownFileType = file.storyboard; name = Base; path = Base.lproj/LaunchScreen.storyboard; sourceTree = "<group>"; };
		831061821BF0C5C500B4DCEB /* Info.plist */ = {isa = PBXFileReference; lastKnownFileType = text.plist.xml; path = Info.plist; sourceTree = "<group>"; };
		831061881BF0C5F700B4DCEB /* ITRAuthorisedViewController.swift */ = {isa = PBXFileReference; fileEncoding = 4; lastKnownFileType = sourcecode.swift; path = ITRAuthorisedViewController.swift; sourceTree = "<group>"; };
		8310618A1BF0C74000B4DCEB /* LocalAuthentication.framework */ = {isa = PBXFileReference; lastKnownFileType = wrapper.framework; name = LocalAuthentication.framework; path = System/Library/Frameworks/LocalAuthentication.framework; sourceTree = SDKROOT; };
/* End PBXFileReference section */

/* Begin PBXFrameworksBuildPhase section */
		831061701BF0C5C500B4DCEB /* Frameworks */ = {
			isa = PBXFrameworksBuildPhase;
			buildActionMask = 2147483647;
			files = (
				8310618B1BF0C74000B4DCEB /* LocalAuthentication.framework in Frameworks */,
			);
			runOnlyForDeploymentPostprocessing = 0;
		};
/* End PBXFrameworksBuildPhase section */

/* Begin PBXGroup section */
		8310616A1BF0C5C500B4DCEB = {
			isa = PBXGroup;
			children = (
				8310618A1BF0C74000B4DCEB /* LocalAuthentication.framework */,
				831061751BF0C5C500B4DCEB /* ITRTouchAuth_Swift */,
				831061741BF0C5C500B4DCEB /* Products */,
			);
			sourceTree = "<group>";
		};
		831061741BF0C5C500B4DCEB /* Products */ = {
			isa = PBXGroup;
			children = (
				831061731BF0C5C500B4DCEB /* ITRTouchAuth_Swift.app */,
			);
			name = Products;
			sourceTree = "<group>";
		};
		831061751BF0C5C500B4DCEB /* ITRTouchAuth_Swift */ = {
			isa = PBXGroup;
			children = (
				831061761BF0C5C500B4DCEB /* AppDelegate.swift */,
				831061781BF0C5C500B4DCEB /* ViewController.swift */,
				831061881BF0C5F700B4DCEB /* ITRAuthorisedViewController.swift */,
				8310617A1BF0C5C500B4DCEB /* Main.storyboard */,
				8310617D1BF0C5C500B4DCEB /* Assets.xcassets */,
				8310617F1BF0C5C500B4DCEB /* LaunchScreen.storyboard */,
				831061821BF0C5C500B4DCEB /* Info.plist */,
			);
			path = ITRTouchAuth_Swift;
			sourceTree = "<group>";
		};
/* End PBXGroup section */

/* Begin PBXNativeTarget section */
		831061721BF0C5C500B4DCEB /* ITRTouchAuth_Swift */ = {
			isa = PBXNativeTarget;
			buildConfigurationList = 831061851BF0C5C500B4DCEB /* Build configuration list for PBXNativeTarget "ITRTouchAuth_Swift" */;
			buildPhases = (
				8310616F1BF0C5C500B4DCEB /* Sources */,
				831061701BF0C5C500B4DCEB /* Frameworks */,
				831061711BF0C5C500B4DCEB /* Resources */,
			);
			buildRules = (
			);
			dependencies = (
			);
			name = ITRTouchAuth_Swift;
			productName = ITRTouchAuth_Swift;
			productReference = 831061731BF0C5C500B4DCEB /* ITRTouchAuth_Swift.app */;
			productType = "com.apple.product-type.application";
		};
/* End PBXNativeTarget section */

/* Begin PBXProject section */
		8310616B1BF0C5C500B4DCEB /* Project object */ = {
			isa = PBXProject;
			attributes = {
				LastSwiftUpdateCheck = 0710;
				LastUpgradeCheck = 0710;
				ORGANIZATIONNAME = "kiruthika selvavinayagam";
				TargetAttributes = {
					831061721BF0C5C500B4DCEB = {
						CreatedOnToolsVersion = 7.1;
					};
				};
			};
			buildConfigurationList = 8310616E1BF0C5C500B4DCEB /* Build configuration list for PBXProject "ITRTouchAuth_Swift" */;
			compatibilityVersion = "Xcode 3.2";
			developmentRegion = English;
			hasScannedForEncodings = 0;
			knownRegions = (
				en,
				Base,
			);
			mainGroup = 8310616A1BF0C5C500B4DCEB;
			productRefGroup = 831061741BF0C5C500B4DCEB /* Products */;
			projectDirPath = "";
			projectRoot = "";
			targets = (
				831061721BF0C5C500B4DCEB /* ITRTouchAuth_Swift */,
			);
		};
/* End PBXProject section */

/* Begin PBXResourcesBuildPhase section */
		831061711BF0C5C500B4DCEB /* Resources */ = {
			isa = PBXResourcesBuildPhase;
			buildActionMask = 2147483647;
			files = (
				831061811BF0C5C500B4DCEB /* LaunchScreen.storyboard in Resources */,
				8310617E1BF0C5C500B4DCEB /* Assets.xcassets in Resources */,
				8310617C1BF0C5C500B4DCEB /* Main.storyboard in Resources */,
			);
			runOnlyForDeploymentPostprocessing = 0;
		};
/* End PBXResourcesBuildPhase section */

/* Begin PBXSourcesBuildPhase section */
		8310616F1BF0C5C500B4DCEB /* Sources */ = {
			isa = PBXSourcesBuildPhase;
			buildActionMask = 2147483647;
			files = (
				831061791BF0C5C500B4DCEB /* ViewController.swift in Sources */,
				831061771BF0C5C500B4DCEB /* AppDelegate.swift in Sources */,
				831061891BF0C5F700B4DCEB /* ITRAuthorisedViewController.swift in Sources */,
			);
			runOnlyForDeploymentPostprocessing = 0;
		};
/* End PBXSourcesBuildPhase section */

/* Begin PBXVariantGroup section */
		8310617A1BF0C5C500B4DCEB /* Main.storyboard */ = {
			isa = PBXVariantGroup;
			children = (
				8310617B1BF0C5C500B4DCEB /* Base */,
			);
			name = Main.storyboard;
			sourceTree = "<group>";
		};
		8310617F1BF0C5C500B4DCEB /* LaunchScreen.storyboard */ = {
			isa = PBXVariantGroup;
			children = (
				831061801BF0C5C500B4DCEB /* Base */,
			);
			name = LaunchScreen.storyboard;
			sourceTree = "<group>";
		};
/* End PBXVariantGroup section */

/* Begin XCBuildConfiguration section */
		831061831BF0C5C500B4DCEB /* Debug */ = {
			isa = XCBuildConfiguration;
			buildSettings = {
				ALWAYS_SEARCH_USER_PATHS = NO;
				CLANG_CXX_LANGUAGE_STANDARD = "gnu++0x";
				CLANG_CXX_LIBRARY = "libc++";
				CLANG_ENABLE_MODULES = YES;
				CLANG_ENABLE_OBJC_ARC = YES;
				CLANG_WARN_BOOL_CONVERSION = YES;
				CLANG_WARN_CONSTANT_CONVERSION = YES;
				CLANG_WARN_DIRECT_OBJC_ISA_USAGE = YES_ERROR;
				CLANG_WARN_EMPTY_BODY = YES;
				CLANG_WARN_ENUM_CONVERSION = YES;
				CLANG_WARN_INT_CONVERSION = YES;
				CLANG_WARN_OBJC_ROOT_CLASS = YES_ERROR;
				CLANG_WARN_UNREACHABLE_CODE = YES;
				CLANG_WARN__DUPLICATE_METHOD_MATCH = YES;
				"CODE_SIGN_IDENTITY[sdk=iphoneos*]" = "iPhone Developer";
				COPY_PHASE_STRIP = NO;
				DEBUG_INFORMATION_FORMAT = dwarf;
				ENABLE_STRICT_OBJC_MSGSEND = YES;
				ENABLE_TESTABILITY = YES;
				GCC_C_LANGUAGE_STANDARD = gnu99;
				GCC_DYNAMIC_NO_PIC = NO;
				GCC_NO_COMMON_BLOCKS = YES;
				GCC_OPTIMIZATION_LEVEL = 0;
				GCC_PREPROCESSOR_DEFINITIONS = (
					"DEBUG=1",
					"$(inherited)",
				);
				GCC_WARN_64_TO_32_BIT_CONVERSION = YES;
				GCC_WARN_ABOUT_RETURN_TYPE = YES_ERROR;
				GCC_WARN_UNDECLARED_SELECTOR = YES;
				GCC_WARN_UNINITIALIZED_AUTOS = YES_AGGRESSIVE;
				GCC_WARN_UNUSED_FUNCTION = YES;
				GCC_WARN_UNUSED_VARIABLE = YES;
				IPHONEOS_DEPLOYMENT_TARGET = 9.1;
				MTL_ENABLE_DEBUG_INFO = YES;
				ONLY_ACTIVE_ARCH = YES;
				SDKROOT = iphoneos;
				SWIFT_OPTIMIZATION_LEVEL = "-Onone";
			};
			name = Debug;
		};
		831061841BF0C5C500B4DCEB /* Release */ = {
			isa = XCBuildConfiguration;
			buildSettings = {
				ALWAYS_SEARCH_USER_PATHS = NO;
				CLANG_CXX_LANGUAGE_STANDARD = "gnu++0x";
				CLANG_CXX_LIBRARY = "libc++";
				CLANG_ENABLE_MODULES = YES;
				CLANG_ENABLE_OBJC_ARC = YES;
				CLANG_WARN_BOOL_CONVERSION = YES;
				CLANG_WARN_CONSTANT_CONVERSION = YES;
				CLANG_WARN_DIRECT_OBJC_ISA_USAGE = YES_ERROR;
				CLANG_WARN_EMPTY_BODY = YES;
				CLANG_WARN_ENUM_CONVERSION = YES;
				CLANG_WARN_INT_CONVERSION = YES;
				CLANG_WARN_OBJC_ROOT_CLASS = YES_ERROR;
				CLANG_WARN_UNREACHABLE_CODE = YES;
				CLANG_WARN__DUPLICATE_METHOD_MATCH = YES;
				"CODE_SIGN_IDENTITY[sdk=iphoneos*]" = "iPhone Developer";
				COPY_PHASE_STRIP = NO;
				DEBUG_INFORMATION_FORMAT = "dwarf-with-dsym";
				ENABLE_NS_ASSERTIONS = NO;
				ENABLE_STRICT_OBJC_MSGSEND = YES;
				GCC_C_LANGUAGE_STANDARD = gnu99;
				GCC_NO_COMMON_BLOCKS = YES;
				GCC_WARN_64_TO_32_BIT_CONVERSION = YES;
				GCC_WARN_ABOUT_RETURN_TYPE = YES_ERROR;
				GCC_WARN_UNDECLARED_SELECTOR = YES;
				GCC_WARN_UNINITIALIZED_AUTOS = YES_AGGRESSIVE;
				GCC_WARN_UNUSED_FUNCTION = YES;
				GCC_WARN_UNUSED_VARIABLE = YES;
				IPHONEOS_DEPLOYMENT_TARGET = 9.1;
				MTL_ENABLE_DEBUG_INFO = NO;
				SDKROOT = iphoneos;
				VALIDATE_PRODUCT = YES;
			};
			name = Release;
		};
		831061861BF0C5C500B4DCEB /* Debug */ = {
			isa = XCBuildConfiguration;
			buildSettings = {
				ASSETCATALOG_COMPILER_APPICON_NAME = AppIcon;
				INFOPLIST_FILE = ITRTouchAuth_Swift/Info.plist;
				IPHONEOS_DEPLOYMENT_TARGET = 8.3;
				LD_RUNPATH_SEARCH_PATHS = "$(inherited) @executable_path/Frameworks";
				PRODUCT_BUNDLE_IDENTIFIER = "ITR.ITRTouchAuth-Swift";
				PRODUCT_NAME = "$(TARGET_NAME)";
			};
			name = Debug;
		};
		831061871BF0C5C500B4DCEB /* Release */ = {
			isa = XCBuildConfiguration;
			buildSettings = {
				ASSETCATALOG_COMPILER_APPICON_NAME = AppIcon;
				INFOPLIST_FILE = ITRTouchAuth_Swift/Info.plist;
				IPHONEOS_DEPLOYMENT_TARGET = 8.3;
				LD_RUNPATH_SEARCH_PATHS = "$(inherited) @executable_path/Frameworks";
				PRODUCT_BUNDLE_IDENTIFIER = "ITR.ITRTouchAuth-Swift";
				PRODUCT_NAME = "$(TARGET_NAME)";
			};
			name = Release;
		};
/* End XCBuildConfiguration section */

/* Begin XCConfigurationList section */
		8310616E1BF0C5C500B4DCEB /* Build configuration list for PBXProject "ITRTouchAuth_Swift" */ = {
			isa = XCConfigurationList;
			buildConfigurations = (
				831061831BF0C5C500B4DCEB /* Debug */,
				831061841BF0C5C500B4DCEB /* Release */,
			);
			defaultConfigurationIsVisible = 0;
			defaultConfigurationName = Release;
		};
		831061851BF0C5C500B4DCEB /* Build configuration list for PBXNativeTarget "ITRTouchAuth_Swift" */ = {
			isa = XCConfigurationList;
			buildConfigurations = (
				831061861BF0C5C500B4DCEB /* Debug */,
				831061871BF0C5C500B4DCEB /* Release */,
			);
			defaultConfigurationIsVisible = 0;
		};
/* End XCConfigurationList section */
	};
	rootObject = 8310616B1BF0C5C500B4DCEB /* Project object */;
}
